
Microsoft Visual Studio Solution File, Format Version 12.00
# Visual Studio Version 17
VisualStudioVersion = 17.4.33205.214
MinimumVisualStudioVersion = 10.0.40219.1
Project("{9A19103F-16F7-4668-BE54-9A1E7A4F7556}") = "BattleGame", "BattleGame.csproj", "{CC5AC97D-D338-446C-A201-0C996EC5C125}"
EndProject
Global
	GlobalSection(SolutionConfigurationPlatforms) = preSolution
		Debug|Any CPU = Debug|Any CPU
		Release|Any CPU = Release|Any CPU
	EndGlobalSection
	GlobalSection(ProjectConfigurationPlatforms) = postSolution
		{CC5AC97D-D338-446C-A201-0C996EC5C125}.Debug|Any CPU.ActiveCfg = Debug|Any CPU
		{CC5AC97D-D338-446C-A201-0C996EC5C125}.Debug|Any CPU.Build.0 = Debug|Any CPU
		{CC5AC97D-D338-446C-A201-0C996EC5C125}.Release|Any CPU.ActiveCfg = Release|Any CPU
		{CC5AC97D-D338-446C-A201-0C996EC5C125}.Release|Any CPU.Build.0 = Release|Any CPU
	EndGlobalSection
	GlobalSection(SolutionProperties) = preSolution
		HideSolutionNode = FALSE
	EndGlobalSection
	GlobalSection(ExtensibilityGlobals) = postSolution
		SolutionGuid = {03F4B642-B0D5-41F7-BE37-3AA5E8EE74B5}
	EndGlobalSection
EndGlobal
